{
  "version": 4,
  "terraform_version": "1.7.3",
  "serial": 21,
  "lineage": "22b3d96e-b571-efd3-9121-5914d89c19f6",
  "outputs": {},
  "resources": [
    {
      "module": "module.gke_cluster",
      "mode": "managed",
      "type": "google_container_cluster",
      "name": "gke_cluster",
      "provider": "provider[\"registry.terraform.io/hashicorp/google\"]",
      "instances": [
        {
          "schema_version": 2,
          "attributes": {
            "addons_config": [
              {
                "cloudrun_config": [],
                "config_connector_config": [],
                "dns_cache_config": [],
                "gce_persistent_disk_csi_driver_config": [
                  {
                    "enabled": true
                  }
                ],
                "gcp_filestore_csi_driver_config": [],
                "gcs_fuse_csi_driver_config": [],
                "gke_backup_agent_config": [],
                "horizontal_pod_autoscaling": [],
                "http_load_balancing": [
                  {
                    "disabled": false
                  }
                ],
                "network_policy_config": [
                  {
                    "disabled": true
                  }
                ]
              }
            ],
            "allow_net_admin": null,
            "authenticator_groups_config": [],
            "binary_authorization": [
              {
                "enabled": false,
                "evaluation_mode": ""
              }
            ],
            "cluster_autoscaling": [
              {
                "auto_provisioning_defaults": [],
                "autoscaling_profile": "BALANCED",
                "enabled": false,
                "resource_limits": []
              }
            ],
            "cluster_ipv4_cidr": "10.34.0.0/16",
            "confidential_nodes": [],
            "cost_management_config": [],
            "database_encryption": [
              {
                "key_name": "",
                "state": "DECRYPTED"
              }
            ],
            "datapath_provider": "",
            "default_max_pods_per_node": 110,
            "default_snat_status": [
              {
                "disabled": false
              }
            ],
            "deletion_protection": true,
            "description": "",
            "dns_config": [],
            "enable_autopilot": false,
            "enable_intranode_visibility": false,
            "enable_k8s_beta_apis": [],
            "enable_kubernetes_alpha": false,
            "enable_l4_ilb_subsetting": false,
            "enable_legacy_abac": false,
            "enable_shielded_nodes": true,
            "enable_tpu": false,
            "endpoint": "34.118.33.123",
            "fleet": [],
            "gateway_api_config": [],
            "id": "projects/containerized-app-gke/locations/europe-central2/clusters/tf-cluster",
            "identity_service_config": [],
            "initial_node_count": 1,
            "ip_allocation_policy": [
              {
                "additional_pod_ranges_config": [],
                "cluster_ipv4_cidr_block": "10.34.0.0/16",
                "cluster_secondary_range_name": "gke-tf-cluster-pods-cb8f5f79",
                "pod_cidr_overprovision_config": [
                  {
                    "disabled": false
                  }
                ],
                "services_ipv4_cidr_block": "10.35.0.0/22",
                "services_secondary_range_name": "gke-tf-cluster-services-cb8f5f79",
                "stack_type": "IPV4"
              }
            ],
            "label_fingerprint": "a9dc16a7",
            "location": "europe-central2",
            "logging_config": [
              {
                "enable_components": [
                  "SYSTEM_COMPONENTS",
                  "WORKLOADS"
                ]
              }
            ],
            "logging_service": "logging.googleapis.com/kubernetes",
            "maintenance_policy": [],
            "master_auth": [
              {
                "client_certificate": "",
                "client_certificate_config": [
                  {
                    "issue_client_certificate": false
                  }
                ],
                "client_key": "",
                "cluster_ca_certificate": "LS0tLS1CRUdJTiBDRVJUSUZJQ0FURS0tLS0tCk1JSUVMVENDQXBXZ0F3SUJBZ0lSQUpTaHRtT2UrWXRNeWFaR2NjVE9qTGd3RFFZSktvWklodmNOQVFFTEJRQXcKTHpFdE1Dc0dBMVVFQXhNa05URm1PR1k1T1dVdFpHTTROQzAwTVRObUxXSTBObVF0WW1RNVpURXpNV0ZsTnpnMQpNQ0FYRFRJME1ESXlNREEwTWpnMU9Gb1lEekl3TlRRd01qRXlNRFV5T0RVNFdqQXZNUzB3S3dZRFZRUURFeVExCk1XWTRaams1WlMxa1l6ZzBMVFF4TTJZdFlqUTJaQzFpWkRsbE1UTXhZV1UzT0RVd2dnR2lNQTBHQ1NxR1NJYjMKRFFFQkFRVUFBNElCandBd2dnR0tBb0lCZ1FDNVVmSUhnS004WmowWSsyU2ptWHlYcDF4b2UzaEFCR1ZaVm8vaAp2SDBpeWpCNllFTU9FVzRldHc1UFppZkVSMnhmK2pwQi9iR3pRTnpkWUlad3QrN3R4N2xTcnZtazZuK3JCZ1JKCmRlVVNPaXd0R1BuQktRODRwMGduak8wL2xjbUpKbEZPNTBXRjJSaEQvTkdiWmE2RVhnR2JHZmM0eHRuM0s3STMKQW45ZjQwMnlqMzlOaW9PQWF0ZnlIWEc4amdIMFhta2wzUU4rUkRBOHdxckdad3FiNE1Pc0Y5TUQ1aGZyTmd6egpFLzNqMVNINUdGSUk5bkNQSWJRUGU1QjBqVzFPY0RoZVRmM2RNY283TzdMTlBmdU5GbXBCUHI5dHBtNUo4RGIwCmFWdHdENUtRWXFURHZrTVloRS96dkNjeWtjdURkUGJXdVg4ek1xYytrMEM1UThDZWFickJobWVGQzNsMiszbVoKekhqb2JtQUprdlBXQndpdUNhWnpkWVZaZFUrbmd3cWxKUWNrdWNjdGZHZFVJb2F6a29XbjU0UWgxVnkrRW42dAp2OGpOVitSdmE5Skh0Q3hHVzlnT1A1bWNKN0dUa2VtRENUaTQyN1lMcmk5cFpwZU5WeVhDVWxVRWFpY0lhUDNUClVyamtkZkh0QkVQS2p6TkNTaDI2Zlg4NU5NY0NBd0VBQWFOQ01FQXdEZ1lEVlIwUEFRSC9CQVFEQWdJRU1BOEcKQTFVZEV3RUIvd1FGTUFNQkFmOHdIUVlEVlIwT0JCWUVGSVlIaExqYVhMRndQUmdUWE82WEdEVGRWUjcxTUEwRwpDU3FHU0liM0RRRUJDd1VBQTRJQmdRQ1NiMmZTcTVub0lZdFNmQnRGMHY4UVhNa1hLUS9pQ1RQenhHWnIyMFRPCit1WHpPSzFWZTBkaFpxSVFGVmxUMmJJd0FQQXlWNkI2eS9tQ0xLUmVtVkdwaHVzczRITTBLU25PQ3ZncXorQzEKY0JJamxuQnRoTThpNEh1RzRkaUdtNlVjR0hPUnlCNHRIbXl3dnFXN3FJc0tEdFJuZ1FLbDJkNy9sRDNIZFJnNgpFUzNXTzFOdXJCbUFYV2ZYRFRxaWl4M3NpN3NBdVFhUDlUSnR1MUZOdWE0MmVES1hUNFVRUWVUdElnT3E2VlJXCnpiT0hwR042cFg2RzJsNWo2NE9CYTNTTXV4YWVZaUtvS3JRY2FVR0lrQzhyZDZxTDZ4T1RJbFUwL2dtZzU5VTYKMUpjMXg5a2VBakFHRE02KzdJcGEyUGpyWmxzS2ZDQjE2aGhFdm1BV3FDR1hNRWVXMWVGN0ZydTcrTGs3d25zRApKUzhJYjhDZmFiaktGeUhvdmpqbkhtbTE1cHgyQTI5RVFXMTRJNEtTNkZsTktUTURlenYwZFVPUlN5UGtyYnBXClN1T1Fxdy90enNUOUJDYU9LMHV6QktoOTMzdU1pOHpaTG9PbFA0ZUpiY3JKQy9Fa1BjbFB3R2Vjc1ZMK1NiZk4KQytjbkl2VFBkZllCNWRPdEpiVUErOGc9Ci0tLS0tRU5EIENFUlRJRklDQVRFLS0tLS0K"
              }
            ],
            "master_authorized_networks_config": [],
            "master_version": "1.27.7-gke.1121002",
            "mesh_certificates": [],
            "min_master_version": null,
            "monitoring_config": [
              {
                "advanced_datapath_observability_config": [
                  {
                    "enable_metrics": false,
                    "relay_mode": ""
                  }
                ],
                "enable_components": [
                  "SYSTEM_COMPONENTS"
                ],
                "managed_prometheus": [
                  {
                    "enabled": true
                  }
                ]
              }
            ],
            "monitoring_service": "monitoring.googleapis.com/kubernetes",
            "name": "tf-cluster",
            "network": "projects/containerized-app-gke/global/networks/default",
            "network_policy": [
              {
                "enabled": false,
                "provider": "PROVIDER_UNSPECIFIED"
              }
            ],
            "networking_mode": "VPC_NATIVE",
            "node_config": [
              {
                "advanced_machine_features": [],
                "boot_disk_kms_key": "",
                "confidential_nodes": [],
                "disk_size_gb": 50,
                "disk_type": "pd-balanced",
                "effective_taints": [],
                "ephemeral_storage_local_ssd_config": [],
                "fast_socket": [],
                "gcfs_config": [],
                "guest_accelerator": [],
                "gvnic": [],
                "host_maintenance_policy": [],
                "image_type": "COS_CONTAINERD",
                "kubelet_config": [],
                "labels": {},
                "linux_node_config": [],
                "local_nvme_ssd_block_config": [],
                "local_ssd_count": 0,
                "logging_variant": "DEFAULT",
                "machine_type": "e2-medium",
                "metadata": {
                  "disable-legacy-endpoints": "true"
                },
                "min_cpu_platform": "",
                "node_group": "",
                "oauth_scopes": [
                  "https://www.googleapis.com/auth/cloud-platform",
                  "https://www.googleapis.com/auth/compute",
                  "https://www.googleapis.com/auth/devstorage.read_only",
                  "https://www.googleapis.com/auth/logging.write",
                  "https://www.googleapis.com/auth/monitoring"
                ],
                "preemptible": true,
                "reservation_affinity": [],
                "resource_labels": {},
                "service_account": "default",
                "shielded_instance_config": [
                  {
                    "enable_integrity_monitoring": true,
                    "enable_secure_boot": false
                  }
                ],
                "sole_tenant_config": [],
                "spot": false,
                "tags": [],
                "taint": [],
                "workload_metadata_config": []
              }
            ],
            "node_locations": [
              "europe-central2-a",
              "europe-central2-b",
              "europe-central2-c"
            ],
            "node_pool": [
              {
                "autoscaling": [
                  {
                    "location_policy": "ANY",
                    "max_node_count": 3,
                    "min_node_count": 1,
                    "total_max_node_count": 0,
                    "total_min_node_count": 0
                  }
                ],
                "initial_node_count": 1,
                "instance_group_urls": [
                  "https://www.googleapis.com/compute/v1/projects/containerized-app-gke/zones/europe-central2-c/instanceGroupManagers/gke-tf-cluster-tf-cluster-pool-70c81122-grp",
                  "https://www.googleapis.com/compute/v1/projects/containerized-app-gke/zones/europe-central2-b/instanceGroupManagers/gke-tf-cluster-tf-cluster-pool-ae5f43e9-grp",
                  "https://www.googleapis.com/compute/v1/projects/containerized-app-gke/zones/europe-central2-a/instanceGroupManagers/gke-tf-cluster-tf-cluster-pool-41ad2166-grp"
                ],
                "managed_instance_group_urls": [
                  "https://www.googleapis.com/compute/v1/projects/containerized-app-gke/zones/europe-central2-c/instanceGroups/gke-tf-cluster-tf-cluster-pool-70c81122-grp",
                  "https://www.googleapis.com/compute/v1/projects/containerized-app-gke/zones/europe-central2-b/instanceGroups/gke-tf-cluster-tf-cluster-pool-ae5f43e9-grp",
                  "https://www.googleapis.com/compute/v1/projects/containerized-app-gke/zones/europe-central2-a/instanceGroups/gke-tf-cluster-tf-cluster-pool-41ad2166-grp"
                ],
                "management": [
                  {
                    "auto_repair": true,
                    "auto_upgrade": true
                  }
                ],
                "max_pods_per_node": 110,
                "name": "tf-cluster-pool",
                "name_prefix": "",
                "network_config": [
                  {
                    "create_pod_range": false,
                    "enable_private_nodes": false,
                    "network_performance_config": [],
                    "pod_cidr_overprovision_config": [],
                    "pod_ipv4_cidr_block": "10.34.0.0/16",
                    "pod_range": "gke-tf-cluster-pods-cb8f5f79"
                  }
                ],
                "node_config": [
                  {
                    "advanced_machine_features": [],
                    "boot_disk_kms_key": "",
                    "confidential_nodes": [],
                    "disk_size_gb": 50,
                    "disk_type": "pd-balanced",
                    "effective_taints": [],
                    "ephemeral_storage_local_ssd_config": [],
                    "fast_socket": [],
                    "gcfs_config": [],
                    "guest_accelerator": [],
                    "gvnic": [],
                    "host_maintenance_policy": [],
                    "image_type": "COS_CONTAINERD",
                    "kubelet_config": [],
                    "labels": {},
                    "linux_node_config": [],
                    "local_nvme_ssd_block_config": [],
                    "local_ssd_count": 0,
                    "logging_variant": "DEFAULT",
                    "machine_type": "e2-medium",
                    "metadata": {
                      "disable-legacy-endpoints": "true"
                    },
                    "min_cpu_platform": "",
                    "node_group": "",
                    "oauth_scopes": [
                      "https://www.googleapis.com/auth/cloud-platform",
                      "https://www.googleapis.com/auth/compute",
                      "https://www.googleapis.com/auth/devstorage.read_only",
                      "https://www.googleapis.com/auth/logging.write",
                      "https://www.googleapis.com/auth/monitoring"
                    ],
                    "preemptible": true,
                    "reservation_affinity": [],
                    "resource_labels": {},
                    "service_account": "default",
                    "shielded_instance_config": [
                      {
                        "enable_integrity_monitoring": true,
                        "enable_secure_boot": false
                      }
                    ],
                    "sole_tenant_config": [],
                    "spot": false,
                    "tags": [],
                    "taint": [],
                    "workload_metadata_config": []
                  }
                ],
                "node_count": 1,
                "node_locations": [
                  "europe-central2-a",
                  "europe-central2-b",
                  "europe-central2-c"
                ],
                "placement_policy": [],
                "upgrade_settings": [
                  {
                    "blue_green_settings": [],
                    "max_surge": 1,
                    "max_unavailable": 0,
                    "strategy": "SURGE"
                  }
                ],
                "version": "1.27.7-gke.1121002"
              }
            ],
            "node_pool_auto_config": [],
            "node_pool_defaults": [
              {
                "node_config_defaults": [
                  {
                    "logging_variant": "DEFAULT"
                  }
                ]
              }
            ],
            "node_version": "1.27.7-gke.1121002",
            "notification_config": [
              {
                "pubsub": [
                  {
                    "enabled": false,
                    "filter": [],
                    "topic": ""
                  }
                ]
              }
            ],
            "operation": null,
            "private_cluster_config": [
              {
                "enable_private_endpoint": false,
                "enable_private_nodes": false,
                "master_global_access_config": [
                  {
                    "enabled": false
                  }
                ],
                "master_ipv4_cidr_block": "",
                "peering_name": "",
                "private_endpoint": "10.186.0.2",
                "private_endpoint_subnetwork": "",
                "public_endpoint": "34.118.33.123"
              }
            ],
            "private_ipv6_google_access": "",
            "project": "containerized-app-gke",
            "release_channel": [
              {
                "channel": "STABLE"
              }
            ],
            "remove_default_node_pool": true,
            "resource_labels": {},
            "resource_usage_export_config": [],
            "security_posture_config": [
              {
                "mode": "BASIC",
                "vulnerability_mode": "VULNERABILITY_MODE_UNSPECIFIED"
              }
            ],
            "self_link": "https://container.googleapis.com/v1/projects/containerized-app-gke/locations/europe-central2/clusters/tf-cluster",
            "service_external_ips_config": [
              {
                "enabled": false
              }
            ],
            "services_ipv4_cidr": "10.35.0.0/22",
            "subnetwork": "projects/containerized-app-gke/regions/europe-central2/subnetworks/default",
            "timeouts": {
              "create": "20m",
              "delete": null,
              "read": null,
              "update": "20m"
            },
            "tpu_ipv4_cidr_block": "",
            "vertical_pod_autoscaling": [],
            "workload_identity_config": []
          },
          "sensitive_attributes": [],
          "private": "eyJlMmJmYjczMC1lY2FhLTExZTYtOGY4OC0zNDM2M2JjN2M0YzAiOnsiY3JlYXRlIjoxMjAwMDAwMDAwMDAwLCJkZWxldGUiOjI0MDAwMDAwMDAwMDAsInJlYWQiOjI0MDAwMDAwMDAwMDAsInVwZGF0ZSI6MTIwMDAwMDAwMDAwMH0sInNjaGVtYV92ZXJzaW9uIjoiMiJ9"
        }
      ]
    }
  ],
  "check_results": null
}
